// !$*UTF8*$!
{
	archiveVersion = 1;
	classes = {
	};
	objectVersion = 56;
	objects = {

/* Begin PBXBuildFile section */
		4AC24313FA6D3A05E943504A /* Pods_CurrencyApp.framework in Frameworks */ = {isa = PBXBuildFile; fileRef = C140BEA5B00A72B9A0F43056 /* Pods_CurrencyApp.framework */; };
		930171382B710A6C001001FE /* OptionItem.swift in Sources */ = {isa = PBXBuildFile; fileRef = 930171372B710A6C001001FE /* OptionItem.swift */; };
		9301713A2B710C12001001FE /* ConversionInterface.swift in Sources */ = {isa = PBXBuildFile; fileRef = 930171392B710C12001001FE /* ConversionInterface.swift */; };
		9301713C2B710CDA001001FE /* ExchangeRateData.swift in Sources */ = {isa = PBXBuildFile; fileRef = 9301713B2B710CDA001001FE /* ExchangeRateData.swift */; };
		9301713F2B7123D0001001FE /* DetailView.swift in Sources */ = {isa = PBXBuildFile; fileRef = 9301713E2B7123D0001001FE /* DetailView.swift */; };
		930171412B71244E001001FE /* TopDetailView.swift in Sources */ = {isa = PBXBuildFile; fileRef = 930171402B71244E001001FE /* TopDetailView.swift */; };
		930171432B712462001001FE /* BottomDetailView.swift in Sources */ = {isa = PBXBuildFile; fileRef = 930171422B712462001001FE /* BottomDetailView.swift */; };
		930171452B712953001001FE /* Extension + StackView.swift in Sources */ = {isa = PBXBuildFile; fileRef = 930171442B712953001001FE /* Extension + StackView.swift */; };
		930171482B712C72001001FE /* ConversionHistory.swift in Sources */ = {isa = PBXBuildFile; fileRef = 930171472B712C72001001FE /* ConversionHistory.swift */; };
		9301714A2B712CC2001001FE /* FlagColor.swift in Sources */ = {isa = PBXBuildFile; fileRef = 930171492B712CC1001001FE /* FlagColor.swift */; };
		9301714D2B713DB8001001FE /* DetailViewModel.swift in Sources */ = {isa = PBXBuildFile; fileRef = 9301714C2B713DB8001001FE /* DetailViewModel.swift */; };
		9301714F2B713FEB001001FE /* FilterHistoryInterface.swift in Sources */ = {isa = PBXBuildFile; fileRef = 9301714E2B713FEB001001FE /* FilterHistoryInterface.swift */; };
		936506E82B6F7557007AB256 /* AppDelegate.swift in Sources */ = {isa = PBXBuildFile; fileRef = 936506E72B6F7557007AB256 /* AppDelegate.swift */; };
		936506EA2B6F7557007AB256 /* SceneDelegate.swift in Sources */ = {isa = PBXBuildFile; fileRef = 936506E92B6F7557007AB256 /* SceneDelegate.swift */; };
		936506EC2B6F7557007AB256 /* CurrencyViewController.swift in Sources */ = {isa = PBXBuildFile; fileRef = 936506EB2B6F7557007AB256 /* CurrencyViewController.swift */; };
		936506F12B6F755B007AB256 /* Assets.xcassets in Resources */ = {isa = PBXBuildFile; fileRef = 936506F02B6F755B007AB256 /* Assets.xcassets */; };
		936506F42B6F755B007AB256 /* LaunchScreen.storyboard in Resources */ = {isa = PBXBuildFile; fileRef = 936506F22B6F755B007AB256 /* LaunchScreen.storyboard */; };
		936506FF2B6F7C19007AB256 /* Extension + View.swift in Sources */ = {isa = PBXBuildFile; fileRef = 936506FE2B6F7C19007AB256 /* Extension + View.swift */; };
		936507152B6FBC86007AB256 /* CurrencyViewModel.swift in Sources */ = {isa = PBXBuildFile; fileRef = 936507142B6FBC86007AB256 /* CurrencyViewModel.swift */; };
		936507192B6FBCE3007AB256 /* CurrencyItem.swift in Sources */ = {isa = PBXBuildFile; fileRef = 936507182B6FBCE3007AB256 /* CurrencyItem.swift */; };
		9365071B2B6FBD18007AB256 /* CurrencyView.swift in Sources */ = {isa = PBXBuildFile; fileRef = 9365071A2B6FBD18007AB256 /* CurrencyView.swift */; };
		9365071D2B6FBD93007AB256 /* Extension + Button.swift in Sources */ = {isa = PBXBuildFile; fileRef = 9365071C2B6FBD93007AB256 /* Extension + Button.swift */; };
		9365071F2B6FBDC0007AB256 /* Extension + String.swift in Sources */ = {isa = PBXBuildFile; fileRef = 9365071E2B6FBDC0007AB256 /* Extension + String.swift */; };
		936507212B6FBDE7007AB256 /* Extension + TextField.swift in Sources */ = {isa = PBXBuildFile; fileRef = 936507202B6FBDE7007AB256 /* Extension + TextField.swift */; };
		936507262B6FBE53007AB256 /* ConversionDetailView.swift in Sources */ = {isa = PBXBuildFile; fileRef = 936507252B6FBE53007AB256 /* ConversionDetailView.swift */; };
		936507282B6FBEB8007AB256 /* CurrencyTopView.swift in Sources */ = {isa = PBXBuildFile; fileRef = 936507272B6FBEB8007AB256 /* CurrencyTopView.swift */; };
		9365072A2B6FBF15007AB256 /* CurrencyBottomView.swift in Sources */ = {isa = PBXBuildFile; fileRef = 936507292B6FBF15007AB256 /* CurrencyBottomView.swift */; };
		9365072C2B6FD892007AB256 /* CustomAlertVC.swift in Sources */ = {isa = PBXBuildFile; fileRef = 9365072B2B6FD892007AB256 /* CustomAlertVC.swift */; };
		9365072E2B6FDA6B007AB256 /* Extension + Label.swift in Sources */ = {isa = PBXBuildFile; fileRef = 9365072D2B6FDA6B007AB256 /* Extension + Label.swift */; };
		936507302B6FDD5E007AB256 /* Extension + Alert.swift in Sources */ = {isa = PBXBuildFile; fileRef = 9365072F2B6FDD5E007AB256 /* Extension + Alert.swift */; };
		936507322B6FDDEB007AB256 /* Extension + VC.swift in Sources */ = {isa = PBXBuildFile; fileRef = 936507312B6FDDEB007AB256 /* Extension + VC.swift */; };
		936507342B6FDF5A007AB256 /* EmptyStateView.swift in Sources */ = {isa = PBXBuildFile; fileRef = 936507332B6FDF5A007AB256 /* EmptyStateView.swift */; };
		936507372B6FE766007AB256 /* DetailViewController.swift in Sources */ = {isa = PBXBuildFile; fileRef = 936507362B6FE766007AB256 /* DetailViewController.swift */; };
		9365073E2B703051007AB256 /* NetworkManager.swift in Sources */ = {isa = PBXBuildFile; fileRef = 9365073D2B703050007AB256 /* NetworkManager.swift */; };
		936507452B70B272007AB256 /* NetworkUtil.swift in Sources */ = {isa = PBXBuildFile; fileRef = 936507442B70B272007AB256 /* NetworkUtil.swift */; };
		936507472B70B2A9007AB256 /* CurrenciesInfo.swift in Sources */ = {isa = PBXBuildFile; fileRef = 936507462B70B2A9007AB256 /* CurrenciesInfo.swift */; };
		9365074A2B70B3E6007AB256 /* DataStorable.swift in Sources */ = {isa = PBXBuildFile; fileRef = 936507492B70B3E6007AB256 /* DataStorable.swift */; };
		9365074C2B70B410007AB256 /* DataSecurable.swift in Sources */ = {isa = PBXBuildFile; fileRef = 9365074B2B70B410007AB256 /* DataSecurable.swift */; };
		9365074E2B70B4DD007AB256 /* UserDefaultManager.swift in Sources */ = {isa = PBXBuildFile; fileRef = 9365074D2B70B4DD007AB256 /* UserDefaultManager.swift */; };
		936507502B70B52C007AB256 /* DataCodableInterface.swift in Sources */ = {isa = PBXBuildFile; fileRef = 9365074F2B70B52C007AB256 /* DataCodableInterface.swift */; };
		936507652B70BB90007AB256 /* CurrencyAppTests.swift in Sources */ = {isa = PBXBuildFile; fileRef = 936507642B70BB90007AB256 /* CurrencyAppTests.swift */; };
		9365076C2B70BBD6007AB256 /* CurrencyViewModelTest.swift in Sources */ = {isa = PBXBuildFile; fileRef = 9365076B2B70BBD6007AB256 /* CurrencyViewModelTest.swift */; };
		9365076E2B70D26E007AB256 /* Extension + double.swift in Sources */ = {isa = PBXBuildFile; fileRef = 9365076D2B70D26E007AB256 /* Extension + double.swift */; };
		936507702B70D49F007AB256 /* Extension + Date.swift in Sources */ = {isa = PBXBuildFile; fileRef = 9365076F2B70D49F007AB256 /* Extension + Date.swift */; };
		936507722B70DC7A007AB256 /* NetworkTimeInterval.swift in Sources */ = {isa = PBXBuildFile; fileRef = 936507712B70DC7A007AB256 /* NetworkTimeInterval.swift */; };
/* End PBXBuildFile section */

/* Begin PBXContainerItemProxy section */
		936507662B70BB90007AB256 /* PBXContainerItemProxy */ = {
			isa = PBXContainerItemProxy;
			containerPortal = 936506DC2B6F7557007AB256 /* Project object */;
			proxyType = 1;
			remoteGlobalIDString = 936506E32B6F7557007AB256;
			remoteInfo = CurrencyApp;
		};
/* End PBXContainerItemProxy section */

/* Begin PBXFileReference section */
		8FCF5FDA1B3C8B39C4B59C7D /* Pods-CurrencyApp.release.xcconfig */ = {isa = PBXFileReference; includeInIndex = 1; lastKnownFileType = text.xcconfig; name = "Pods-CurrencyApp.release.xcconfig"; path = "Target Support Files/Pods-CurrencyApp/Pods-CurrencyApp.release.xcconfig"; sourceTree = "<group>"; };
		90BDC2A4FC28CECE1A4EFF85 /* Pods-CurrencyApp.debug.xcconfig */ = {isa = PBXFileReference; includeInIndex = 1; lastKnownFileType = text.xcconfig; name = "Pods-CurrencyApp.debug.xcconfig"; path = "Target Support Files/Pods-CurrencyApp/Pods-CurrencyApp.debug.xcconfig"; sourceTree = "<group>"; };
		930171372B710A6C001001FE /* OptionItem.swift */ = {isa = PBXFileReference; lastKnownFileType = sourcecode.swift; path = OptionItem.swift; sourceTree = "<group>"; };
		930171392B710C12001001FE /* ConversionInterface.swift */ = {isa = PBXFileReference; lastKnownFileType = sourcecode.swift; path = ConversionInterface.swift; sourceTree = "<group>"; };
		9301713B2B710CDA001001FE /* ExchangeRateData.swift */ = {isa = PBXFileReference; lastKnownFileType = sourcecode.swift; path = ExchangeRateData.swift; sourceTree = "<group>"; };
		9301713E2B7123D0001001FE /* DetailView.swift */ = {isa = PBXFileReference; lastKnownFileType = sourcecode.swift; path = DetailView.swift; sourceTree = "<group>"; };
		930171402B71244E001001FE /* TopDetailView.swift */ = {isa = PBXFileReference; lastKnownFileType = sourcecode.swift; path = TopDetailView.swift; sourceTree = "<group>"; };
		930171422B712462001001FE /* BottomDetailView.swift */ = {isa = PBXFileReference; lastKnownFileType = sourcecode.swift; path = BottomDetailView.swift; sourceTree = "<group>"; };
		930171442B712953001001FE /* Extension + StackView.swift */ = {isa = PBXFileReference; lastKnownFileType = sourcecode.swift; path = "Extension + StackView.swift"; sourceTree = "<group>"; };
		930171472B712C72001001FE /* ConversionHistory.swift */ = {isa = PBXFileReference; lastKnownFileType = sourcecode.swift; path = ConversionHistory.swift; sourceTree = "<group>"; };
		930171492B712CC1001001FE /* FlagColor.swift */ = {isa = PBXFileReference; lastKnownFileType = sourcecode.swift; path = FlagColor.swift; sourceTree = "<group>"; };
		9301714C2B713DB8001001FE /* DetailViewModel.swift */ = {isa = PBXFileReference; lastKnownFileType = sourcecode.swift; path = DetailViewModel.swift; sourceTree = "<group>"; };
		9301714E2B713FEB001001FE /* FilterHistoryInterface.swift */ = {isa = PBXFileReference; lastKnownFileType = sourcecode.swift; path = FilterHistoryInterface.swift; sourceTree = "<group>"; };
		936506E42B6F7557007AB256 /* CurrencyApp.app */ = {isa = PBXFileReference; explicitFileType = wrapper.application; includeInIndex = 0; path = CurrencyApp.app; sourceTree = BUILT_PRODUCTS_DIR; };
		936506E72B6F7557007AB256 /* AppDelegate.swift */ = {isa = PBXFileReference; lastKnownFileType = sourcecode.swift; path = AppDelegate.swift; sourceTree = "<group>"; };
		936506E92B6F7557007AB256 /* SceneDelegate.swift */ = {isa = PBXFileReference; lastKnownFileType = sourcecode.swift; path = SceneDelegate.swift; sourceTree = "<group>"; };
		936506EB2B6F7557007AB256 /* CurrencyViewController.swift */ = {isa = PBXFileReference; lastKnownFileType = sourcecode.swift; path = CurrencyViewController.swift; sourceTree = "<group>"; };
		936506F02B6F755B007AB256 /* Assets.xcassets */ = {isa = PBXFileReference; lastKnownFileType = folder.assetcatalog; path = Assets.xcassets; sourceTree = "<group>"; };
		936506F32B6F755B007AB256 /* Base */ = {isa = PBXFileReference; lastKnownFileType = file.storyboard; name = Base; path = Base.lproj/LaunchScreen.storyboard; sourceTree = "<group>"; };
		936506F52B6F755B007AB256 /* Info.plist */ = {isa = PBXFileReference; lastKnownFileType = text.plist.xml; path = Info.plist; sourceTree = "<group>"; };
		936506FE2B6F7C19007AB256 /* Extension + View.swift */ = {isa = PBXFileReference; lastKnownFileType = sourcecode.swift; path = "Extension + View.swift"; sourceTree = "<group>"; };
		936507142B6FBC86007AB256 /* CurrencyViewModel.swift */ = {isa = PBXFileReference; lastKnownFileType = sourcecode.swift; path = CurrencyViewModel.swift; sourceTree = "<group>"; };
		936507182B6FBCE3007AB256 /* CurrencyItem.swift */ = {isa = PBXFileReference; lastKnownFileType = sourcecode.swift; path = CurrencyItem.swift; sourceTree = "<group>"; };
		9365071A2B6FBD18007AB256 /* CurrencyView.swift */ = {isa = PBXFileReference; lastKnownFileType = sourcecode.swift; path = CurrencyView.swift; sourceTree = "<group>"; };
		9365071C2B6FBD93007AB256 /* Extension + Button.swift */ = {isa = PBXFileReference; lastKnownFileType = sourcecode.swift; path = "Extension + Button.swift"; sourceTree = "<group>"; };
		9365071E2B6FBDC0007AB256 /* Extension + String.swift */ = {isa = PBXFileReference; lastKnownFileType = sourcecode.swift; path = "Extension + String.swift"; sourceTree = "<group>"; };
		936507202B6FBDE7007AB256 /* Extension + TextField.swift */ = {isa = PBXFileReference; lastKnownFileType = sourcecode.swift; path = "Extension + TextField.swift"; sourceTree = "<group>"; };
		936507252B6FBE53007AB256 /* ConversionDetailView.swift */ = {isa = PBXFileReference; lastKnownFileType = sourcecode.swift; path = ConversionDetailView.swift; sourceTree = "<group>"; };
		936507272B6FBEB8007AB256 /* CurrencyTopView.swift */ = {isa = PBXFileReference; lastKnownFileType = sourcecode.swift; path = CurrencyTopView.swift; sourceTree = "<group>"; };
		936507292B6FBF15007AB256 /* CurrencyBottomView.swift */ = {isa = PBXFileReference; lastKnownFileType = sourcecode.swift; path = CurrencyBottomView.swift; sourceTree = "<group>"; };
		9365072B2B6FD892007AB256 /* CustomAlertVC.swift */ = {isa = PBXFileReference; lastKnownFileType = sourcecode.swift; path = CustomAlertVC.swift; sourceTree = "<group>"; };
		9365072D2B6FDA6B007AB256 /* Extension + Label.swift */ = {isa = PBXFileReference; lastKnownFileType = sourcecode.swift; path = "Extension + Label.swift"; sourceTree = "<group>"; };
		9365072F2B6FDD5E007AB256 /* Extension + Alert.swift */ = {isa = PBXFileReference; lastKnownFileType = sourcecode.swift; path = "Extension + Alert.swift"; sourceTree = "<group>"; };
		936507312B6FDDEB007AB256 /* Extension + VC.swift */ = {isa = PBXFileReference; lastKnownFileType = sourcecode.swift; path = "Extension + VC.swift"; sourceTree = "<group>"; };
		936507332B6FDF5A007AB256 /* EmptyStateView.swift */ = {isa = PBXFileReference; lastKnownFileType = sourcecode.swift; path = EmptyStateView.swift; sourceTree = "<group>"; };
		936507362B6FE766007AB256 /* DetailViewController.swift */ = {isa = PBXFileReference; lastKnownFileType = sourcecode.swift; path = DetailViewController.swift; sourceTree = "<group>"; };
		9365073D2B703050007AB256 /* NetworkManager.swift */ = {isa = PBXFileReference; lastKnownFileType = sourcecode.swift; path = NetworkManager.swift; sourceTree = "<group>"; };
		936507442B70B272007AB256 /* NetworkUtil.swift */ = {isa = PBXFileReference; lastKnownFileType = sourcecode.swift; path = NetworkUtil.swift; sourceTree = "<group>"; };
		936507462B70B2A9007AB256 /* CurrenciesInfo.swift */ = {isa = PBXFileReference; lastKnownFileType = sourcecode.swift; path = CurrenciesInfo.swift; sourceTree = "<group>"; };
		936507492B70B3E6007AB256 /* DataStorable.swift */ = {isa = PBXFileReference; lastKnownFileType = sourcecode.swift; path = DataStorable.swift; sourceTree = "<group>"; };
		9365074B2B70B410007AB256 /* DataSecurable.swift */ = {isa = PBXFileReference; lastKnownFileType = sourcecode.swift; path = DataSecurable.swift; sourceTree = "<group>"; };
		9365074D2B70B4DD007AB256 /* UserDefaultManager.swift */ = {isa = PBXFileReference; lastKnownFileType = sourcecode.swift; path = UserDefaultManager.swift; sourceTree = "<group>"; };
		9365074F2B70B52C007AB256 /* DataCodableInterface.swift */ = {isa = PBXFileReference; lastKnownFileType = sourcecode.swift; path = DataCodableInterface.swift; sourceTree = "<group>"; };
		936507622B70BB90007AB256 /* CurrencyAppTests.xctest */ = {isa = PBXFileReference; explicitFileType = wrapper.cfbundle; includeInIndex = 0; path = CurrencyAppTests.xctest; sourceTree = BUILT_PRODUCTS_DIR; };
		936507642B70BB90007AB256 /* CurrencyAppTests.swift */ = {isa = PBXFileReference; lastKnownFileType = sourcecode.swift; path = CurrencyAppTests.swift; sourceTree = "<group>"; };
		9365076B2B70BBD6007AB256 /* CurrencyViewModelTest.swift */ = {isa = PBXFileReference; lastKnownFileType = sourcecode.swift; path = CurrencyViewModelTest.swift; sourceTree = "<group>"; };
		9365076D2B70D26E007AB256 /* Extension + double.swift */ = {isa = PBXFileReference; lastKnownFileType = sourcecode.swift; path = "Extension + double.swift"; sourceTree = "<group>"; };
		9365076F2B70D49F007AB256 /* Extension + Date.swift */ = {isa = PBXFileReference; lastKnownFileType = sourcecode.swift; path = "Extension + Date.swift"; sourceTree = "<group>"; };
		936507712B70DC7A007AB256 /* NetworkTimeInterval.swift */ = {isa = PBXFileReference; lastKnownFileType = sourcecode.swift; path = NetworkTimeInterval.swift; sourceTree = "<group>"; };
		C140BEA5B00A72B9A0F43056 /* Pods_CurrencyApp.framework */ = {isa = PBXFileReference; explicitFileType = wrapper.framework; includeInIndex = 0; path = Pods_CurrencyApp.framework; sourceTree = BUILT_PRODUCTS_DIR; };
/* End PBXFileReference section */

/* Begin PBXFrameworksBuildPhase section */
		936506E12B6F7557007AB256 /* Frameworks */ = {
			isa = PBXFrameworksBuildPhase;
			buildActionMask = 2147483647;
			files = (
				4AC24313FA6D3A05E943504A /* Pods_CurrencyApp.framework in Frameworks */,
			);
			runOnlyForDeploymentPostprocessing = 0;
		};
		9365075F2B70BB90007AB256 /* Frameworks */ = {
			isa = PBXFrameworksBuildPhase;
			buildActionMask = 2147483647;
			files = (
			);
			runOnlyForDeploymentPostprocessing = 0;
		};
/* End PBXFrameworksBuildPhase section */

/* Begin PBXGroup section */
		9301713D2B7123B6001001FE /* View */ = {
			isa = PBXGroup;
			children = (
				9301713E2B7123D0001001FE /* DetailView.swift */,
				930171402B71244E001001FE /* TopDetailView.swift */,
				930171422B712462001001FE /* BottomDetailView.swift */,
			);
			path = View;
			sourceTree = "<group>";
		};
		930171462B712C5B001001FE /* Model */ = {
			isa = PBXGroup;
			children = (
				930171472B712C72001001FE /* ConversionHistory.swift */,
				930171492B712CC1001001FE /* FlagColor.swift */,
			);
			path = Model;
			sourceTree = "<group>";
		};
		9301714B2B713D96001001FE /* ViewModel */ = {
			isa = PBXGroup;
			children = (
				9301714C2B713DB8001001FE /* DetailViewModel.swift */,
				9301714E2B713FEB001001FE /* FilterHistoryInterface.swift */,
			);
			path = ViewModel;
			sourceTree = "<group>";
		};
		936506DB2B6F7557007AB256 = {
			isa = PBXGroup;
			children = (
				936506E62B6F7557007AB256 /* CurrencyApp */,
				936507632B70BB90007AB256 /* CurrencyAppTests */,
				936506E52B6F7557007AB256 /* Products */,
				EEA22E71B4B0E4613D85B991 /* Pods */,
				97FD6C7D6A24FF9A13D9583D /* Frameworks */,
			);
			sourceTree = "<group>";
		};
		936506E52B6F7557007AB256 /* Products */ = {
			isa = PBXGroup;
			children = (
				936506E42B6F7557007AB256 /* CurrencyApp.app */,
				936507622B70BB90007AB256 /* CurrencyAppTests.xctest */,
			);
			name = Products;
			sourceTree = "<group>";
		};
		936506E62B6F7557007AB256 /* CurrencyApp */ = {
			isa = PBXGroup;
			children = (
				936507222B6FBE02007AB256 /* Component */,
				936506FD2B6F7C02007AB256 /* Extension */,
				936506FC2B6F7AF1007AB256 /* Resources */,
				936506FB2B6F7AD8007AB256 /* Features */,
				936506F52B6F755B007AB256 /* Info.plist */,
			);
			path = CurrencyApp;
			sourceTree = "<group>";
		};
		936506FB2B6F7AD8007AB256 /* Features */ = {
			isa = PBXGroup;
			children = (
				936507352B6FE733007AB256 /* ConversionDetail */,
				936507122B6FBC27007AB256 /* CurrencyConverter */,
			);
			path = Features;
			sourceTree = "<group>";
		};
		936506FC2B6F7AF1007AB256 /* Resources */ = {
			isa = PBXGroup;
			children = (
				936507482B70B3CA007AB256 /* PersistenceManager */,
				9365073C2B703039007AB256 /* NetworkManager */,
				936506F02B6F755B007AB256 /* Assets.xcassets */,
				936506F22B6F755B007AB256 /* LaunchScreen.storyboard */,
				936506E72B6F7557007AB256 /* AppDelegate.swift */,
				936506E92B6F7557007AB256 /* SceneDelegate.swift */,
			);
			path = Resources;
			sourceTree = "<group>";
		};
		936506FD2B6F7C02007AB256 /* Extension */ = {
			isa = PBXGroup;
			children = (
				936506FE2B6F7C19007AB256 /* Extension + View.swift */,
				9365071C2B6FBD93007AB256 /* Extension + Button.swift */,
				9365071E2B6FBDC0007AB256 /* Extension + String.swift */,
				936507202B6FBDE7007AB256 /* Extension + TextField.swift */,
				9365072D2B6FDA6B007AB256 /* Extension + Label.swift */,
				9365072F2B6FDD5E007AB256 /* Extension + Alert.swift */,
				936507312B6FDDEB007AB256 /* Extension + VC.swift */,
				9365076D2B70D26E007AB256 /* Extension + double.swift */,
				9365076F2B70D49F007AB256 /* Extension + Date.swift */,
				930171442B712953001001FE /* Extension + StackView.swift */,
			);
			path = Extension;
			sourceTree = "<group>";
		};
		936507122B6FBC27007AB256 /* CurrencyConverter */ = {
			isa = PBXGroup;
			children = (
				936507172B6FBCA1007AB256 /* Model */,
				936507162B6FBC93007AB256 /* View */,
				936507132B6FBC6A007AB256 /* ViewModel */,
				936506EB2B6F7557007AB256 /* CurrencyViewController.swift */,
			);
			path = CurrencyConverter;
			sourceTree = "<group>";
		};
		936507132B6FBC6A007AB256 /* ViewModel */ = {
			isa = PBXGroup;
			children = (
				936507142B6FBC86007AB256 /* CurrencyViewModel.swift */,
				930171392B710C12001001FE /* ConversionInterface.swift */,
				9301713B2B710CDA001001FE /* ExchangeRateData.swift */,
			);
			path = ViewModel;
			sourceTree = "<group>";
		};
		936507162B6FBC93007AB256 /* View */ = {
			isa = PBXGroup;
			children = (
				9365071A2B6FBD18007AB256 /* CurrencyView.swift */,
				936507272B6FBEB8007AB256 /* CurrencyTopView.swift */,
				936507292B6FBF15007AB256 /* CurrencyBottomView.swift */,
			);
			path = View;
			sourceTree = "<group>";
		};
		936507172B6FBCA1007AB256 /* Model */ = {
			isa = PBXGroup;
			children = (
				936507182B6FBCE3007AB256 /* CurrencyItem.swift */,
				930171372B710A6C001001FE /* OptionItem.swift */,
			);
			path = Model;
			sourceTree = "<group>";
		};
		936507222B6FBE02007AB256 /* Component */ = {
			isa = PBXGroup;
			children = (
				936507252B6FBE53007AB256 /* ConversionDetailView.swift */,
				9365072B2B6FD892007AB256 /* CustomAlertVC.swift */,
				936507332B6FDF5A007AB256 /* EmptyStateView.swift */,
			);
			path = Component;
			sourceTree = "<group>";
		};
		936507352B6FE733007AB256 /* ConversionDetail */ = {
			isa = PBXGroup;
			children = (
				930171462B712C5B001001FE /* Model */,
				9301713D2B7123B6001001FE /* View */,
				9301714B2B713D96001001FE /* ViewModel */,
				936507362B6FE766007AB256 /* DetailViewController.swift */,
			);
			path = ConversionDetail;
			sourceTree = "<group>";
		};
		9365073C2B703039007AB256 /* NetworkManager */ = {
			isa = PBXGroup;
			children = (
				9365073D2B703050007AB256 /* NetworkManager.swift */,
				936507442B70B272007AB256 /* NetworkUtil.swift */,
				936507462B70B2A9007AB256 /* CurrenciesInfo.swift */,
				936507712B70DC7A007AB256 /* NetworkTimeInterval.swift */,
			);
			path = NetworkManager;
			sourceTree = "<group>";
		};
		936507482B70B3CA007AB256 /* PersistenceManager */ = {
			isa = PBXGroup;
			children = (
				936507492B70B3E6007AB256 /* DataStorable.swift */,
				9365074B2B70B410007AB256 /* DataSecurable.swift */,
				9365074D2B70B4DD007AB256 /* UserDefaultManager.swift */,
				9365074F2B70B52C007AB256 /* DataCodableInterface.swift */,
			);
			path = PersistenceManager;
			sourceTree = "<group>";
		};
		936507632B70BB90007AB256 /* CurrencyAppTests */ = {
			isa = PBXGroup;
			children = (
				936507642B70BB90007AB256 /* CurrencyAppTests.swift */,
				9365076B2B70BBD6007AB256 /* CurrencyViewModelTest.swift */,
			);
			path = CurrencyAppTests;
			sourceTree = "<group>";
		};
		97FD6C7D6A24FF9A13D9583D /* Frameworks */ = {
			isa = PBXGroup;
			children = (
				C140BEA5B00A72B9A0F43056 /* Pods_CurrencyApp.framework */,
			);
			name = Frameworks;
			sourceTree = "<group>";
		};
		EEA22E71B4B0E4613D85B991 /* Pods */ = {
			isa = PBXGroup;
			children = (
				90BDC2A4FC28CECE1A4EFF85 /* Pods-CurrencyApp.debug.xcconfig */,
				8FCF5FDA1B3C8B39C4B59C7D /* Pods-CurrencyApp.release.xcconfig */,
			);
			path = Pods;
			sourceTree = "<group>";
		};
/* End PBXGroup section */

/* Begin PBXNativeTarget section */
		936506E32B6F7557007AB256 /* CurrencyApp */ = {
			isa = PBXNativeTarget;
			buildConfigurationList = 936506F82B6F755B007AB256 /* Build configuration list for PBXNativeTarget "CurrencyApp" */;
			buildPhases = (
				9B8532726F34CB8D481BBD33 /* [CP] Check Pods Manifest.lock */,
				936506E02B6F7557007AB256 /* Sources */,
				936506E12B6F7557007AB256 /* Frameworks */,
				936506E22B6F7557007AB256 /* Resources */,
				4A9815D15BBCB2EE0B2510D2 /* [CP] Embed Pods Frameworks */,
			);
			buildRules = (
			);
			dependencies = (
			);
			name = CurrencyApp;
			productName = CurrencyApp;
			productReference = 936506E42B6F7557007AB256 /* CurrencyApp.app */;
			productType = "com.apple.product-type.application";
		};
		936507612B70BB90007AB256 /* CurrencyAppTests */ = {
			isa = PBXNativeTarget;
			buildConfigurationList = 936507682B70BB90007AB256 /* Build configuration list for PBXNativeTarget "CurrencyAppTests" */;
			buildPhases = (
				9365075E2B70BB90007AB256 /* Sources */,
				9365075F2B70BB90007AB256 /* Frameworks */,
				936507602B70BB90007AB256 /* Resources */,
			);
			buildRules = (
			);
			dependencies = (
				936507672B70BB90007AB256 /* PBXTargetDependency */,
			);
			name = CurrencyAppTests;
			productName = CurrencyAppTests;
			productReference = 936507622B70BB90007AB256 /* CurrencyAppTests.xctest */;
			productType = "com.apple.product-type.bundle.unit-test";
		};
/* End PBXNativeTarget section */

/* Begin PBXProject section */
		936506DC2B6F7557007AB256 /* Project object */ = {
			isa = PBXProject;
			attributes = {
				BuildIndependentTargetsInParallel = 1;
				LastSwiftUpdateCheck = 1520;
				LastUpgradeCheck = 1520;
				TargetAttributes = {
					936506E32B6F7557007AB256 = {
						CreatedOnToolsVersion = 15.2;
					};
					936507612B70BB90007AB256 = {
						CreatedOnToolsVersion = 15.2;
						TestTargetID = 936506E32B6F7557007AB256;
					};
				};
			};
			buildConfigurationList = 936506DF2B6F7557007AB256 /* Build configuration list for PBXProject "CurrencyApp" */;
			compatibilityVersion = "Xcode 14.0";
			developmentRegion = en;
			hasScannedForEncodings = 0;
			knownRegions = (
				en,
				Base,
			);
			mainGroup = 936506DB2B6F7557007AB256;
			productRefGroup = 936506E52B6F7557007AB256 /* Products */;
			projectDirPath = "";
			projectRoot = "";
			targets = (
				936506E32B6F7557007AB256 /* CurrencyApp */,
				936507612B70BB90007AB256 /* CurrencyAppTests */,
			);
		};
/* End PBXProject section */

/* Begin PBXResourcesBuildPhase section */
		936506E22B6F7557007AB256 /* Resources */ = {
			isa = PBXResourcesBuildPhase;
			buildActionMask = 2147483647;
			files = (
				936506F42B6F755B007AB256 /* LaunchScreen.storyboard in Resources */,
				936506F12B6F755B007AB256 /* Assets.xcassets in Resources */,
			);
			runOnlyForDeploymentPostprocessing = 0;
		};
		936507602B70BB90007AB256 /* Resources */ = {
			isa = PBXResourcesBuildPhase;
			buildActionMask = 2147483647;
			files = (
			);
			runOnlyForDeploymentPostprocessing = 0;
		};
/* End PBXResourcesBuildPhase section */

/* Begin PBXShellScriptBuildPhase section */
		4A9815D15BBCB2EE0B2510D2 /* [CP] Embed Pods Frameworks */ = {
			isa = PBXShellScriptBuildPhase;
			buildActionMask = 2147483647;
			files = (
			);
			inputFileListPaths = (
				"${PODS_ROOT}/Target Support Files/Pods-CurrencyApp/Pods-CurrencyApp-frameworks-${CONFIGURATION}-input-files.xcfilelist",
			);
			name = "[CP] Embed Pods Frameworks";
			outputFileListPaths = (
				"${PODS_ROOT}/Target Support Files/Pods-CurrencyApp/Pods-CurrencyApp-frameworks-${CONFIGURATION}-output-files.xcfilelist",
			);
			runOnlyForDeploymentPostprocessing = 0;
			shellPath = /bin/sh;
			shellScript = "\"${PODS_ROOT}/Target Support Files/Pods-CurrencyApp/Pods-CurrencyApp-frameworks.sh\"\n";
			showEnvVarsInLog = 0;
		};
		9B8532726F34CB8D481BBD33 /* [CP] Check Pods Manifest.lock */ = {
			isa = PBXShellScriptBuildPhase;
			buildActionMask = 2147483647;
			files = (
			);
			inputFileListPaths = (
			);
			inputPaths = (
				"${PODS_PODFILE_DIR_PATH}/Podfile.lock",
				"${PODS_ROOT}/Manifest.lock",
			);
			name = "[CP] Check Pods Manifest.lock";
			outputFileListPaths = (
			);
			outputPaths = (
				"$(DERIVED_FILE_DIR)/Pods-CurrencyApp-checkManifestLockResult.txt",
			);
			runOnlyForDeploymentPostprocessing = 0;
			shellPath = /bin/sh;
			shellScript = "diff \"${PODS_PODFILE_DIR_PATH}/Podfile.lock\" \"${PODS_ROOT}/Manifest.lock\" > /dev/null\nif [ $? != 0 ] ; then\n    # print error to STDERR\n    echo \"error: The sandbox is not in sync with the Podfile.lock. Run 'pod install' or update your CocoaPods installation.\" >&2\n    exit 1\nfi\n# This output is used by Xcode 'outputs' to avoid re-running this script phase.\necho \"SUCCESS\" > \"${SCRIPT_OUTPUT_FILE_0}\"\n";
			showEnvVarsInLog = 0;
		};
/* End PBXShellScriptBuildPhase section */

/* Begin PBXSourcesBuildPhase section */
		936506E02B6F7557007AB256 /* Sources */ = {
			isa = PBXSourcesBuildPhase;
			buildActionMask = 2147483647;
			files = (
				936507342B6FDF5A007AB256 /* EmptyStateView.swift in Sources */,
				936506FF2B6F7C19007AB256 /* Extension + View.swift in Sources */,
				936507282B6FBEB8007AB256 /* CurrencyTopView.swift in Sources */,
				930171432B712462001001FE /* BottomDetailView.swift in Sources */,
				9365074A2B70B3E6007AB256 /* DataStorable.swift in Sources */,
				9365074E2B70B4DD007AB256 /* UserDefaultManager.swift in Sources */,
				930171482B712C72001001FE /* ConversionHistory.swift in Sources */,
				936507302B6FDD5E007AB256 /* Extension + Alert.swift in Sources */,
				930171452B712953001001FE /* Extension + StackView.swift in Sources */,
				936507502B70B52C007AB256 /* DataCodableInterface.swift in Sources */,
				936507702B70D49F007AB256 /* Extension + Date.swift in Sources */,
				936507152B6FBC86007AB256 /* CurrencyViewModel.swift in Sources */,
				9301713A2B710C12001001FE /* ConversionInterface.swift in Sources */,
				936506EC2B6F7557007AB256 /* CurrencyViewController.swift in Sources */,
				936506E82B6F7557007AB256 /* AppDelegate.swift in Sources */,
				9365072E2B6FDA6B007AB256 /* Extension + Label.swift in Sources */,
				9365071B2B6FBD18007AB256 /* CurrencyView.swift in Sources */,
				9365072A2B6FBF15007AB256 /* CurrencyBottomView.swift in Sources */,
				930171412B71244E001001FE /* TopDetailView.swift in Sources */,
				9301714A2B712CC2001001FE /* FlagColor.swift in Sources */,
				936507372B6FE766007AB256 /* DetailViewController.swift in Sources */,
				9301713F2B7123D0001001FE /* DetailView.swift in Sources */,
				9301714D2B713DB8001001FE /* DetailViewModel.swift in Sources */,
				9365071F2B6FBDC0007AB256 /* Extension + String.swift in Sources */,
				9301714F2B713FEB001001FE /* FilterHistoryInterface.swift in Sources */,
				9365073E2B703051007AB256 /* NetworkManager.swift in Sources */,
				9365074C2B70B410007AB256 /* DataSecurable.swift in Sources */,
				9365072C2B6FD892007AB256 /* CustomAlertVC.swift in Sources */,
				936506EA2B6F7557007AB256 /* SceneDelegate.swift in Sources */,
				936507722B70DC7A007AB256 /* NetworkTimeInterval.swift in Sources */,
				936507212B6FBDE7007AB256 /* Extension + TextField.swift in Sources */,
				936507262B6FBE53007AB256 /* ConversionDetailView.swift in Sources */,
				936507192B6FBCE3007AB256 /* CurrencyItem.swift in Sources */,
				9365071D2B6FBD93007AB256 /* Extension + Button.swift in Sources */,
				9301713C2B710CDA001001FE /* ExchangeRateData.swift in Sources */,
				9365076E2B70D26E007AB256 /* Extension + double.swift in Sources */,
				936507452B70B272007AB256 /* NetworkUtil.swift in Sources */,
				930171382B710A6C001001FE /* OptionItem.swift in Sources */,
				936507322B6FDDEB007AB256 /* Extension + VC.swift in Sources */,
				936507472B70B2A9007AB256 /* CurrenciesInfo.swift in Sources */,
			);
			runOnlyForDeploymentPostprocessing = 0;
		};
		9365075E2B70BB90007AB256 /* Sources */ = {
			isa = PBXSourcesBuildPhase;
			buildActionMask = 2147483647;
			files = (
				936507652B70BB90007AB256 /* CurrencyAppTests.swift in Sources */,
				9365076C2B70BBD6007AB256 /* CurrencyViewModelTest.swift in Sources */,
			);
			runOnlyForDeploymentPostprocessing = 0;
		};
/* End PBXSourcesBuildPhase section */

/* Begin PBXTargetDependency section */
		936507672B70BB90007AB256 /* PBXTargetDependency */ = {
			isa = PBXTargetDependency;
			target = 936506E32B6F7557007AB256 /* CurrencyApp */;
			targetProxy = 936507662B70BB90007AB256 /* PBXContainerItemProxy */;
		};
/* End PBXTargetDependency section */

/* Begin PBXVariantGroup section */
		936506F22B6F755B007AB256 /* LaunchScreen.storyboard */ = {
			isa = PBXVariantGroup;
			children = (
				936506F32B6F755B007AB256 /* Base */,
			);
			name = LaunchScreen.storyboard;
			sourceTree = "<group>";
		};
/* End PBXVariantGroup section */

/* Begin XCBuildConfiguration section */
		936506F62B6F755B007AB256 /* Debug */ = {
			isa = XCBuildConfiguration;
			buildSettings = {
				ALWAYS_SEARCH_USER_PATHS = NO;
				ASSETCATALOG_COMPILER_GENERATE_SWIFT_ASSET_SYMBOL_EXTENSIONS = YES;
				CLANG_ANALYZER_NONNULL = YES;
				CLANG_ANALYZER_NUMBER_OBJECT_CONVERSION = YES_AGGRESSIVE;
				CLANG_CXX_LANGUAGE_STANDARD = "gnu++20";
				CLANG_ENABLE_MODULES = YES;
				CLANG_ENABLE_OBJC_ARC = YES;
				CLANG_ENABLE_OBJC_WEAK = YES;
				CLANG_WARN_BLOCK_CAPTURE_AUTORELEASING = YES;
				CLANG_WARN_BOOL_CONVERSION = YES;
				CLANG_WARN_COMMA = YES;
				CLANG_WARN_CONSTANT_CONVERSION = YES;
				CLANG_WARN_DEPRECATED_OBJC_IMPLEMENTATIONS = YES;
				CLANG_WARN_DIRECT_OBJC_ISA_USAGE = YES_ERROR;
				CLANG_WARN_DOCUMENTATION_COMMENTS = YES;
				CLANG_WARN_EMPTY_BODY = YES;
				CLANG_WARN_ENUM_CONVERSION = YES;
				CLANG_WARN_INFINITE_RECURSION = YES;
				CLANG_WARN_INT_CONVERSION = YES;
				CLANG_WARN_NON_LITERAL_NULL_CONVERSION = YES;
				CLANG_WARN_OBJC_IMPLICIT_RETAIN_SELF = YES;
				CLANG_WARN_OBJC_LITERAL_CONVERSION = YES;
				CLANG_WARN_OBJC_ROOT_CLASS = YES_ERROR;
				CLANG_WARN_QUOTED_INCLUDE_IN_FRAMEWORK_HEADER = YES;
				CLANG_WARN_RANGE_LOOP_ANALYSIS = YES;
				CLANG_WARN_STRICT_PROTOTYPES = YES;
				CLANG_WARN_SUSPICIOUS_MOVE = YES;
				CLANG_WARN_UNGUARDED_AVAILABILITY = YES_AGGRESSIVE;
				CLANG_WARN_UNREACHABLE_CODE = YES;
				CLANG_WARN__DUPLICATE_METHOD_MATCH = YES;
				COPY_PHASE_STRIP = NO;
				DEBUG_INFORMATION_FORMAT = dwarf;
				ENABLE_STRICT_OBJC_MSGSEND = YES;
				ENABLE_TESTABILITY = YES;
				ENABLE_USER_SCRIPT_SANDBOXING = YES;
				GCC_C_LANGUAGE_STANDARD = gnu17;
				GCC_DYNAMIC_NO_PIC = NO;
				GCC_NO_COMMON_BLOCKS = YES;
				GCC_OPTIMIZATION_LEVEL = 0;
				GCC_PREPROCESSOR_DEFINITIONS = (
					"DEBUG=1",
					"$(inherited)",
				);
				GCC_WARN_64_TO_32_BIT_CONVERSION = YES;
				GCC_WARN_ABOUT_RETURN_TYPE = YES_ERROR;
				GCC_WARN_UNDECLARED_SELECTOR = YES;
				GCC_WARN_UNINITIALIZED_AUTOS = YES_AGGRESSIVE;
				GCC_WARN_UNUSED_FUNCTION = YES;
				GCC_WARN_UNUSED_VARIABLE = YES;
				IPHONEOS_DEPLOYMENT_TARGET = 16.0;
				LOCALIZATION_PREFERS_STRING_CATALOGS = YES;
				MTL_ENABLE_DEBUG_INFO = INCLUDE_SOURCE;
				MTL_FAST_MATH = YES;
				ONLY_ACTIVE_ARCH = YES;
				SDKROOT = iphoneos;
				SWIFT_ACTIVE_COMPILATION_CONDITIONS = "DEBUG $(inherited)";
				SWIFT_OPTIMIZATION_LEVEL = "-Onone";
			};
			name = Debug;
		};
		936506F72B6F755B007AB256 /* Release */ = {
			isa = XCBuildConfiguration;
			buildSettings = {
				ALWAYS_SEARCH_USER_PATHS = NO;
				ASSETCATALOG_COMPILER_GENERATE_SWIFT_ASSET_SYMBOL_EXTENSIONS = YES;
				CLANG_ANALYZER_NONNULL = YES;
				CLANG_ANALYZER_NUMBER_OBJECT_CONVERSION = YES_AGGRESSIVE;
				CLANG_CXX_LANGUAGE_STANDARD = "gnu++20";
				CLANG_ENABLE_MODULES = YES;
				CLANG_ENABLE_OBJC_ARC = YES;
				CLANG_ENABLE_OBJC_WEAK = YES;
				CLANG_WARN_BLOCK_CAPTURE_AUTORELEASING = YES;
				CLANG_WARN_BOOL_CONVERSION = YES;
				CLANG_WARN_COMMA = YES;
				CLANG_WARN_CONSTANT_CONVERSION = YES;
				CLANG_WARN_DEPRECATED_OBJC_IMPLEMENTATIONS = YES;
				CLANG_WARN_DIRECT_OBJC_ISA_USAGE = YES_ERROR;
				CLANG_WARN_DOCUMENTATION_COMMENTS = YES;
				CLANG_WARN_EMPTY_BODY = YES;
				CLANG_WARN_ENUM_CONVERSION = YES;
				CLANG_WARN_INFINITE_RECURSION = YES;
				CLANG_WARN_INT_CONVERSION = YES;
				CLANG_WARN_NON_LITERAL_NULL_CONVERSION = YES;
				CLANG_WARN_OBJC_IMPLICIT_RETAIN_SELF = YES;
				CLANG_WARN_OBJC_LITERAL_CONVERSION = YES;
				CLANG_WARN_OBJC_ROOT_CLASS = YES_ERROR;
				CLANG_WARN_QUOTED_INCLUDE_IN_FRAMEWORK_HEADER = YES;
				CLANG_WARN_RANGE_LOOP_ANALYSIS = YES;
				CLANG_WARN_STRICT_PROTOTYPES = YES;
				CLANG_WARN_SUSPICIOUS_MOVE = YES;
				CLANG_WARN_UNGUARDED_AVAILABILITY = YES_AGGRESSIVE;
				CLANG_WARN_UNREACHABLE_CODE = YES;
				CLANG_WARN__DUPLICATE_METHOD_MATCH = YES;
				COPY_PHASE_STRIP = NO;
				DEBUG_INFORMATION_FORMAT = "dwarf-with-dsym";
				ENABLE_NS_ASSERTIONS = NO;
				ENABLE_STRICT_OBJC_MSGSEND = YES;
				ENABLE_USER_SCRIPT_SANDBOXING = YES;
				GCC_C_LANGUAGE_STANDARD = gnu17;
				GCC_NO_COMMON_BLOCKS = YES;
				GCC_WARN_64_TO_32_BIT_CONVERSION = YES;
				GCC_WARN_ABOUT_RETURN_TYPE = YES_ERROR;
				GCC_WARN_UNDECLARED_SELECTOR = YES;
				GCC_WARN_UNINITIALIZED_AUTOS = YES_AGGRESSIVE;
				GCC_WARN_UNUSED_FUNCTION = YES;
				GCC_WARN_UNUSED_VARIABLE = YES;
				IPHONEOS_DEPLOYMENT_TARGET = 16.0;
				LOCALIZATION_PREFERS_STRING_CATALOGS = YES;
				MTL_ENABLE_DEBUG_INFO = NO;
				MTL_FAST_MATH = YES;
				SDKROOT = iphoneos;
				SWIFT_COMPILATION_MODE = wholemodule;
				VALIDATE_PRODUCT = YES;
			};
			name = Release;
		};
		936506F92B6F755B007AB256 /* Debug */ = {
			isa = XCBuildConfiguration;
			baseConfigurationReference = 90BDC2A4FC28CECE1A4EFF85 /* Pods-CurrencyApp.debug.xcconfig */;
			buildSettings = {
				ASSETCATALOG_COMPILER_APPICON_NAME = AppIcon;
				ASSETCATALOG_COMPILER_GLOBAL_ACCENT_COLOR_NAME = AccentColor;
				CODE_SIGN_STYLE = Automatic;
				CURRENT_PROJECT_VERSION = 1;
				DEVELOPMENT_TEAM = NHDBVA4HXP;
				ENABLE_USER_SCRIPT_SANDBOXING = NO;
				FIXER_KEY = 91be1bb7e8da27062001e413f9bebf58;
				GENERATE_INFOPLIST_FILE = YES;
				INFOPLIST_FILE = CurrencyApp/Info.plist;
				INFOPLIST_KEY_UIApplicationSupportsIndirectInputEvents = YES;
				INFOPLIST_KEY_UILaunchStoryboardName = LaunchScreen;
				INFOPLIST_KEY_UISupportedInterfaceOrientations = "UIInterfaceOrientationLandscapeLeft UIInterfaceOrientationLandscapeRight UIInterfaceOrientationPortrait";
				INFOPLIST_KEY_UISupportedInterfaceOrientations_iPad = UIInterfaceOrientationPortrait;
				IPHONEOS_DEPLOYMENT_TARGET = 16.0;
				LD_RUNPATH_SEARCH_PATHS = (
					"$(inherited)",
					"@executable_path/Frameworks",
				);
				MARKETING_VERSION = 1.0;
				PRODUCT_BUNDLE_IDENTIFIER = com.profk.CurrencyApp;
				PRODUCT_NAME = "$(TARGET_NAME)";
				SUPPORTED_PLATFORMS = "iphoneos iphonesimulator";
				SUPPORTS_MACCATALYST = NO;
				SUPPORTS_MAC_DESIGNED_FOR_IPHONE_IPAD = NO;
				SUPPORTS_XR_DESIGNED_FOR_IPHONE_IPAD = NO;
				SWIFT_EMIT_LOC_STRINGS = YES;
				SWIFT_VERSION = 5.0;
				TARGETED_DEVICE_FAMILY = 1;
			};
			name = Debug;
		};
		936506FA2B6F755B007AB256 /* Release */ = {
			isa = XCBuildConfiguration;
			baseConfigurationReference = 8FCF5FDA1B3C8B39C4B59C7D /* Pods-CurrencyApp.release.xcconfig */;
			buildSettings = {
				ASSETCATALOG_COMPILER_APPICON_NAME = AppIcon;
				ASSETCATALOG_COMPILER_GLOBAL_ACCENT_COLOR_NAME = AccentColor;
				CODE_SIGN_STYLE = Automatic;
				CURRENT_PROJECT_VERSION = 1;
				DEVELOPMENT_TEAM = NHDBVA4HXP;
				ENABLE_USER_SCRIPT_SANDBOXING = NO;
				FIXER_KEY = 91be1bb7e8da27062001e413f9bebf58;
				GENERATE_INFOPLIST_FILE = YES;
				INFOPLIST_FILE = CurrencyApp/Info.plist;
				INFOPLIST_KEY_UIApplicationSupportsIndirectInputEvents = YES;
				INFOPLIST_KEY_UILaunchStoryboardName = LaunchScreen;
				INFOPLIST_KEY_UISupportedInterfaceOrientations = "UIInterfaceOrientationLandscapeLeft UIInterfaceOrientationLandscapeRight UIInterfaceOrientationPortrait";
				INFOPLIST_KEY_UISupportedInterfaceOrientations_iPad = UIInterfaceOrientationPortrait;
				IPHONEOS_DEPLOYMENT_TARGET = 16.0;
				LD_RUNPATH_SEARCH_PATHS = (
					"$(inherited)",
					"@executable_path/Frameworks",
				);
				MARKETING_VERSION = 1.0;
				PRODUCT_BUNDLE_IDENTIFIER = com.profk.CurrencyApp;
				PRODUCT_NAME = "$(TARGET_NAME)";
				SUPPORTED_PLATFORMS = "iphoneos iphonesimulator";
				SUPPORTS_MACCATALYST = NO;
				SUPPORTS_MAC_DESIGNED_FOR_IPHONE_IPAD = NO;
				SUPPORTS_XR_DESIGNED_FOR_IPHONE_IPAD = NO;
				SWIFT_EMIT_LOC_STRINGS = YES;
				SWIFT_VERSION = 5.0;
				TARGETED_DEVICE_FAMILY = 1;
			};
			name = Release;
		};
		936507692B70BB90007AB256 /* Debug */ = {
			isa = XCBuildConfiguration;
			buildSettings = {
				BUNDLE_LOADER = "$(TEST_HOST)";
				CODE_SIGN_STYLE = Automatic;
				CURRENT_PROJECT_VERSION = 1;
				DEVELOPMENT_TEAM = NHDBVA4HXP;
				GENERATE_INFOPLIST_FILE = YES;
				IPHONEOS_DEPLOYMENT_TARGET = 17.2;
				MARKETING_VERSION = 1.0;
				PRODUCT_BUNDLE_IDENTIFIER = com.profk.CurrencyAppTests;
				PRODUCT_NAME = "$(TARGET_NAME)";
				SWIFT_EMIT_LOC_STRINGS = NO;
				SWIFT_VERSION = 5.0;
				TARGETED_DEVICE_FAMILY = "1,2";
				TEST_HOST = "$(BUILT_PRODUCTS_DIR)/CurrencyApp.app/$(BUNDLE_EXECUTABLE_FOLDER_PATH)/CurrencyApp";
			};
			name = Debug;
		};
		9365076A2B70BB90007AB256 /* Release */ = {
			isa = XCBuildConfiguration;
			buildSettings = {
				BUNDLE_LOADER = "$(TEST_HOST)";
				CODE_SIGN_STYLE = Automatic;
				CURRENT_PROJECT_VERSION = 1;
				DEVELOPMENT_TEAM = NHDBVA4HXP;
				GENERATE_INFOPLIST_FILE = YES;
				IPHONEOS_DEPLOYMENT_TARGET = 17.2;
				MARKETING_VERSION = 1.0;
				PRODUCT_BUNDLE_IDENTIFIER = com.profk.CurrencyAppTests;
				PRODUCT_NAME = "$(TARGET_NAME)";
				SWIFT_EMIT_LOC_STRINGS = NO;
				SWIFT_VERSION = 5.0;
				TARGETED_DEVICE_FAMILY = "1,2";
				TEST_HOST = "$(BUILT_PRODUCTS_DIR)/CurrencyApp.app/$(BUNDLE_EXECUTABLE_FOLDER_PATH)/CurrencyApp";
			};
			name = Release;
		};
/* End XCBuildConfiguration section */

/* Begin XCConfigurationList section */
		936506DF2B6F7557007AB256 /* Build configuration list for PBXProject "CurrencyApp" */ = {
			isa = XCConfigurationList;
			buildConfigurations = (
				936506F62B6F755B007AB256 /* Debug */,
				936506F72B6F755B007AB256 /* Release */,
			);
			defaultConfigurationIsVisible = 0;
			defaultConfigurationName = Release;
		};
		936506F82B6F755B007AB256 /* Build configuration list for PBXNativeTarget "CurrencyApp" */ = {
			isa = XCConfigurationList;
			buildConfigurations = (
				936506F92B6F755B007AB256 /* Debug */,
				936506FA2B6F755B007AB256 /* Release */,
			);
			defaultConfigurationIsVisible = 0;
			defaultConfigurationName = Release;
		};
		936507682B70BB90007AB256 /* Build configuration list for PBXNativeTarget "CurrencyAppTests" */ = {
			isa = XCConfigurationList;
			buildConfigurations = (
				936507692B70BB90007AB256 /* Debug */,
				9365076A2B70BB90007AB256 /* Release */,
			);
			defaultConfigurationIsVisible = 0;
			defaultConfigurationName = Release;
		};
/* End XCConfigurationList section */
	};
	rootObject = 936506DC2B6F7557007AB256 /* Project object */;
}
